
Microsoft Visual Studio Solution File, Format Version 12.00
# Visual Studio Version 17
VisualStudioVersion = 17.6.33513.286
MinimumVisualStudioVersion = 10.0.40219.1
Project("{9A19103F-16F7-4668-BE54-9A1E7A4F7556}") = "memmon.sdklite", "samples\memmon.sdklite\memmon.sdklite.csproj", "{09DBC282-88AC-4A56-885A-C30747C5C61D}"
EndProject
Project("{9A19103F-16F7-4668-BE54-9A1E7A4F7556}") = "basic.sdkv1", "samples\basic.sdkv1\basic.sdkv1.csproj", "{FADC494B-E130-4E3B-9C74-A0BB99F19B4F}"
EndProject
Project("{9A19103F-16F7-4668-BE54-9A1E7A4F7556}") = "MQTTnet.Client.Extensions", "src\MQTTnet.Client.Extensions\MQTTnet.Client.Extensions.csproj", "{9A21BA81-84B1-4DA7-8EE9-C57470DA23B9}"
EndProject
Project("{2150E333-8FDC-42A3-9474-1A3956D46DE8}") = "samples", "samples", "{793DF9E5-5A3F-4C76-976D-B1CD9428EE4E}"
EndProject
Project("{9A19103F-16F7-4668-BE54-9A1E7A4F7556}") = "MQTTnet.Client.Extensions.AzureIoT", "src\MQTTnet.Client.Extensions.AzureIoT\MQTTnet.Client.Extensions.AzureIoT.csproj", "{57AFCD75-AD0B-458E-8737-30058FEFA523}"
EndProject
Project("{2150E333-8FDC-42A3-9474-1A3956D46DE8}") = "test", "test", "{49FA3608-50D7-47A7-9042-E00F338CC85D}"
EndProject
Project("{9A19103F-16F7-4668-BE54-9A1E7A4F7556}") = "MQTTnet.Client.Extensions.UnitTests", "test\MQTTnet.Client.Extensions.UnitTests\MQTTnet.Client.Extensions.UnitTests.csproj", "{F2FBCBC5-4F87-4153-A32C-616CCCFD673F}"
EndProject
Project("{9A19103F-16F7-4668-BE54-9A1E7A4F7556}") = "MQTTnet.Client.Extensions.IntegrationTests", "test\MQTTnet.Client.Extensions.IntegrationTests\MQTTnet.Client.Extensions.IntegrationTests.csproj", "{CA5CB444-978E-424E-B773-1972F9C3D84E}"
EndProject
Global
	GlobalSection(SolutionConfigurationPlatforms) = preSolution
		Debug|Any CPU = Debug|Any CPU
		Release|Any CPU = Release|Any CPU
	EndGlobalSection
	GlobalSection(ProjectConfigurationPlatforms) = postSolution
		{09DBC282-88AC-4A56-885A-C30747C5C61D}.Debug|Any CPU.ActiveCfg = Debug|Any CPU
		{09DBC282-88AC-4A56-885A-C30747C5C61D}.Debug|Any CPU.Build.0 = Debug|Any CPU
		{09DBC282-88AC-4A56-885A-C30747C5C61D}.Release|Any CPU.ActiveCfg = Release|Any CPU
		{09DBC282-88AC-4A56-885A-C30747C5C61D}.Release|Any CPU.Build.0 = Release|Any CPU
		{FADC494B-E130-4E3B-9C74-A0BB99F19B4F}.Debug|Any CPU.ActiveCfg = Debug|Any CPU
		{FADC494B-E130-4E3B-9C74-A0BB99F19B4F}.Debug|Any CPU.Build.0 = Debug|Any CPU
		{FADC494B-E130-4E3B-9C74-A0BB99F19B4F}.Release|Any CPU.ActiveCfg = Release|Any CPU
		{FADC494B-E130-4E3B-9C74-A0BB99F19B4F}.Release|Any CPU.Build.0 = Release|Any CPU
		{9A21BA81-84B1-4DA7-8EE9-C57470DA23B9}.Debug|Any CPU.ActiveCfg = Debug|Any CPU
		{9A21BA81-84B1-4DA7-8EE9-C57470DA23B9}.Debug|Any CPU.Build.0 = Debug|Any CPU
		{9A21BA81-84B1-4DA7-8EE9-C57470DA23B9}.Release|Any CPU.ActiveCfg = Release|Any CPU
		{9A21BA81-84B1-4DA7-8EE9-C57470DA23B9}.Release|Any CPU.Build.0 = Release|Any CPU
		{57AFCD75-AD0B-458E-8737-30058FEFA523}.Debug|Any CPU.ActiveCfg = Debug|Any CPU
		{57AFCD75-AD0B-458E-8737-30058FEFA523}.Debug|Any CPU.Build.0 = Debug|Any CPU
		{57AFCD75-AD0B-458E-8737-30058FEFA523}.Release|Any CPU.ActiveCfg = Release|Any CPU
		{57AFCD75-AD0B-458E-8737-30058FEFA523}.Release|Any CPU.Build.0 = Release|Any CPU
		{F2FBCBC5-4F87-4153-A32C-616CCCFD673F}.Debug|Any CPU.ActiveCfg = Debug|Any CPU
		{F2FBCBC5-4F87-4153-A32C-616CCCFD673F}.Debug|Any CPU.Build.0 = Debug|Any CPU
		{F2FBCBC5-4F87-4153-A32C-616CCCFD673F}.Release|Any CPU.ActiveCfg = Release|Any CPU
		{F2FBCBC5-4F87-4153-A32C-616CCCFD673F}.Release|Any CPU.Build.0 = Release|Any CPU
		{CA5CB444-978E-424E-B773-1972F9C3D84E}.Debug|Any CPU.ActiveCfg = Debug|Any CPU
		{CA5CB444-978E-424E-B773-1972F9C3D84E}.Debug|Any CPU.Build.0 = Debug|Any CPU
		{CA5CB444-978E-424E-B773-1972F9C3D84E}.Release|Any CPU.ActiveCfg = Release|Any CPU
		{CA5CB444-978E-424E-B773-1972F9C3D84E}.Release|Any CPU.Build.0 = Release|Any CPU
	EndGlobalSection
	GlobalSection(SolutionProperties) = preSolution
		HideSolutionNode = FALSE
	EndGlobalSection
	GlobalSection(NestedProjects) = preSolution
		{09DBC282-88AC-4A56-885A-C30747C5C61D} = {793DF9E5-5A3F-4C76-976D-B1CD9428EE4E}
		{FADC494B-E130-4E3B-9C74-A0BB99F19B4F} = {793DF9E5-5A3F-4C76-976D-B1CD9428EE4E}
		{F2FBCBC5-4F87-4153-A32C-616CCCFD673F} = {49FA3608-50D7-47A7-9042-E00F338CC85D}
		{CA5CB444-978E-424E-B773-1972F9C3D84E} = {49FA3608-50D7-47A7-9042-E00F338CC85D}
	EndGlobalSection
	GlobalSection(ExtensibilityGlobals) = postSolution
		SolutionGuid = {0644267B-C187-49DB-B5AF-F0D7CF032C2F}
	EndGlobalSection
EndGlobal
