
Microsoft Visual Studio Solution File, Format Version 12.00
# Visual Studio Version 17
VisualStudioVersion = 17.6.33513.286
MinimumVisualStudioVersion = 10.0.40219.1
Project("{9A19103F-16F7-4668-BE54-9A1E7A4F7556}") = "MQTTnet.Client.Extensions.AzureIoT", "MQTTnet.Client.Extensions.AzureIoT\MQTTnet.Client.Extensions.AzureIoT.csproj", "{51CB8FDE-C4E2-48AD-AFAE-E00291082F48}"
EndProject
Project("{9A19103F-16F7-4668-BE54-9A1E7A4F7556}") = "SampleIoTHubClient", "SampleIoTHubClient\SampleIoTHubClient.csproj", "{E37672DF-A668-4C24-B779-3AD363F1AD4F}"
EndProject
Project("{9A19103F-16F7-4668-BE54-9A1E7A4F7556}") = "HubClientTests", "test\HubClientTests\HubClientTests.csproj", "{5059F285-2DD0-4E95-981C-75F8D1BBC839}"
EndProject
Project("{FAE04EC0-301F-11D3-BF4B-00C04F79EFBC}") = "V2DeviceSample", "test\V2DeviceSample\V2DeviceSample.csproj", "{F0643D46-AD86-466E-8FD9-D00F4BAF6352}"
EndProject
Global
	GlobalSection(SolutionConfigurationPlatforms) = preSolution
		Debug|Any CPU = Debug|Any CPU
		Release|Any CPU = Release|Any CPU
	EndGlobalSection
	GlobalSection(ProjectConfigurationPlatforms) = postSolution
		{51CB8FDE-C4E2-48AD-AFAE-E00291082F48}.Debug|Any CPU.ActiveCfg = Debug|Any CPU
		{51CB8FDE-C4E2-48AD-AFAE-E00291082F48}.Debug|Any CPU.Build.0 = Debug|Any CPU
		{51CB8FDE-C4E2-48AD-AFAE-E00291082F48}.Release|Any CPU.ActiveCfg = Release|Any CPU
		{51CB8FDE-C4E2-48AD-AFAE-E00291082F48}.Release|Any CPU.Build.0 = Release|Any CPU
		{E37672DF-A668-4C24-B779-3AD363F1AD4F}.Debug|Any CPU.ActiveCfg = Debug|Any CPU
		{E37672DF-A668-4C24-B779-3AD363F1AD4F}.Debug|Any CPU.Build.0 = Debug|Any CPU
		{E37672DF-A668-4C24-B779-3AD363F1AD4F}.Release|Any CPU.ActiveCfg = Release|Any CPU
		{E37672DF-A668-4C24-B779-3AD363F1AD4F}.Release|Any CPU.Build.0 = Release|Any CPU
	EndGlobalSection
	GlobalSection(SolutionProperties) = preSolution
		HideSolutionNode = FALSE
	EndGlobalSection
	GlobalSection(ExtensibilityGlobals) = postSolution
		SolutionGuid = {0644267B-C187-49DB-B5AF-F0D7CF032C2F}
	EndGlobalSection
EndGlobal
