
Microsoft Visual Studio Solution File, Format Version 12.00
# Visual Studio Version 17
VisualStudioVersion = 17.6.33513.286
MinimumVisualStudioVersion = 10.0.40219.1
Project("{9A19103F-16F7-4668-BE54-9A1E7A4F7556}") = "memmon.sdkv2", "samples\memmon.sdkv2\memmon.sdkv2.csproj", "{4D7454B4-92FF-4E50-A932-134D9FB9E9D9}"
EndProject
Project("{9A19103F-16F7-4668-BE54-9A1E7A4F7556}") = "memmon.sdklite", "samples\memmon.sdklite\memmon.sdklite.csproj", "{09DBC282-88AC-4A56-885A-C30747C5C61D}"
EndProject
Project("{9A19103F-16F7-4668-BE54-9A1E7A4F7556}") = "basic.sdkv1", "samples\basic.sdkv1\basic.sdkv1.csproj", "{FADC494B-E130-4E3B-9C74-A0BB99F19B4F}"
EndProject
Project("{2150E333-8FDC-42A3-9474-1A3956D46DE8}") = "samples", "samples", "{99E760BA-CCB8-4CA4-A124-3905B4A4AF2C}"
EndProject
Project("{9A19103F-16F7-4668-BE54-9A1E7A4F7556}") = "MQTTnet.Client.Extensions.AzureIoT", "src\MQTTnet.Client.Extensions.AzureIoT\MQTTnet.Client.Extensions.AzureIoT.csproj", "{4558B69F-0978-4224-A883-FF9BBFD8CD4F}"
EndProject
Project("{FAE04EC0-301F-11D3-BF4B-00C04F79EFBC}") = "MQTTnet.Client.Extensions", "src\MQTTnet.Client.Extensions\MQTTnet.Client.Extensions.csproj", "{D63298D2-94EB-44E2-8E0F-73A2B818C1BC}"
EndProject
Project("{FAE04EC0-301F-11D3-BF4B-00C04F79EFBC}") = "MQTTnet.Client.Extensions.UnitTests", "test\MQTTnet.Client.Extensions.UnitTests\MQTTnet.Client.Extensions.UnitTests.csproj", "{3C7CFC07-4215-488F-A657-4B63EBC620D3}"
EndProject
Project("{2150E333-8FDC-42A3-9474-1A3956D46DE8}") = "test", "test", "{E55963A3-4688-44A3-B284-25AE8379F6E6}"
EndProject
Project("{FAE04EC0-301F-11D3-BF4B-00C04F79EFBC}") = "MQTTnet.Client.Extensions.IntegrationTests", "MQTTnet.Client.Extensions.IntegrationTests\MQTTnet.Client.Extensions.IntegrationTests.csproj", "{84FEB544-DA81-4CB1-A5A0-80DA130AC7F2}"
EndProject
Global
	GlobalSection(SolutionConfigurationPlatforms) = preSolution
		Debug|Any CPU = Debug|Any CPU
		Release|Any CPU = Release|Any CPU
	EndGlobalSection
	GlobalSection(ProjectConfigurationPlatforms) = postSolution
		{4D7454B4-92FF-4E50-A932-134D9FB9E9D9}.Debug|Any CPU.ActiveCfg = Debug|Any CPU
		{4D7454B4-92FF-4E50-A932-134D9FB9E9D9}.Debug|Any CPU.Build.0 = Debug|Any CPU
		{4D7454B4-92FF-4E50-A932-134D9FB9E9D9}.Release|Any CPU.ActiveCfg = Release|Any CPU
		{4D7454B4-92FF-4E50-A932-134D9FB9E9D9}.Release|Any CPU.Build.0 = Release|Any CPU
		{09DBC282-88AC-4A56-885A-C30747C5C61D}.Debug|Any CPU.ActiveCfg = Debug|Any CPU
		{09DBC282-88AC-4A56-885A-C30747C5C61D}.Debug|Any CPU.Build.0 = Debug|Any CPU
		{09DBC282-88AC-4A56-885A-C30747C5C61D}.Release|Any CPU.ActiveCfg = Release|Any CPU
		{09DBC282-88AC-4A56-885A-C30747C5C61D}.Release|Any CPU.Build.0 = Release|Any CPU
		{FADC494B-E130-4E3B-9C74-A0BB99F19B4F}.Debug|Any CPU.ActiveCfg = Debug|Any CPU
		{FADC494B-E130-4E3B-9C74-A0BB99F19B4F}.Debug|Any CPU.Build.0 = Debug|Any CPU
		{FADC494B-E130-4E3B-9C74-A0BB99F19B4F}.Release|Any CPU.ActiveCfg = Release|Any CPU
		{FADC494B-E130-4E3B-9C74-A0BB99F19B4F}.Release|Any CPU.Build.0 = Release|Any CPU
		{4558B69F-0978-4224-A883-FF9BBFD8CD4F}.Debug|Any CPU.ActiveCfg = Debug|Any CPU
		{4558B69F-0978-4224-A883-FF9BBFD8CD4F}.Debug|Any CPU.Build.0 = Debug|Any CPU
		{4558B69F-0978-4224-A883-FF9BBFD8CD4F}.Release|Any CPU.ActiveCfg = Release|Any CPU
		{4558B69F-0978-4224-A883-FF9BBFD8CD4F}.Release|Any CPU.Build.0 = Release|Any CPU
		{D63298D2-94EB-44E2-8E0F-73A2B818C1BC}.Debug|Any CPU.ActiveCfg = Debug|Any CPU
		{D63298D2-94EB-44E2-8E0F-73A2B818C1BC}.Debug|Any CPU.Build.0 = Debug|Any CPU
		{D63298D2-94EB-44E2-8E0F-73A2B818C1BC}.Release|Any CPU.ActiveCfg = Release|Any CPU
		{D63298D2-94EB-44E2-8E0F-73A2B818C1BC}.Release|Any CPU.Build.0 = Release|Any CPU
		{3C7CFC07-4215-488F-A657-4B63EBC620D3}.Debug|Any CPU.ActiveCfg = Debug|Any CPU
		{3C7CFC07-4215-488F-A657-4B63EBC620D3}.Debug|Any CPU.Build.0 = Debug|Any CPU
		{3C7CFC07-4215-488F-A657-4B63EBC620D3}.Release|Any CPU.ActiveCfg = Release|Any CPU
		{3C7CFC07-4215-488F-A657-4B63EBC620D3}.Release|Any CPU.Build.0 = Release|Any CPU
		{84FEB544-DA81-4CB1-A5A0-80DA130AC7F2}.Debug|Any CPU.ActiveCfg = Debug|Any CPU
		{84FEB544-DA81-4CB1-A5A0-80DA130AC7F2}.Debug|Any CPU.Build.0 = Debug|Any CPU
		{84FEB544-DA81-4CB1-A5A0-80DA130AC7F2}.Release|Any CPU.ActiveCfg = Release|Any CPU
		{84FEB544-DA81-4CB1-A5A0-80DA130AC7F2}.Release|Any CPU.Build.0 = Release|Any CPU
	EndGlobalSection
	GlobalSection(SolutionProperties) = preSolution
		HideSolutionNode = FALSE
	EndGlobalSection
	GlobalSection(NestedProjects) = preSolution
		{4D7454B4-92FF-4E50-A932-134D9FB9E9D9} = {99E760BA-CCB8-4CA4-A124-3905B4A4AF2C}
		{09DBC282-88AC-4A56-885A-C30747C5C61D} = {99E760BA-CCB8-4CA4-A124-3905B4A4AF2C}
		{FADC494B-E130-4E3B-9C74-A0BB99F19B4F} = {99E760BA-CCB8-4CA4-A124-3905B4A4AF2C}
		{3C7CFC07-4215-488F-A657-4B63EBC620D3} = {E55963A3-4688-44A3-B284-25AE8379F6E6}
		{84FEB544-DA81-4CB1-A5A0-80DA130AC7F2} = {E55963A3-4688-44A3-B284-25AE8379F6E6}
	EndGlobalSection
	GlobalSection(ExtensibilityGlobals) = postSolution
		SolutionGuid = {0644267B-C187-49DB-B5AF-F0D7CF032C2F}
	EndGlobalSection
EndGlobal
